
Microsoft Visual Studio Solution File, Format Version 12.00
Project("{FAE04EC0-301F-11D3-BF4B-00C04F79EFBC}") = "WebUI", "WebUI\WebUI.csproj", "{5B131B5D-3C9C-4908-B517-51F18BFE19FA}"
EndProject
Project("{FAE04EC0-301F-11D3-BF4B-00C04F79EFBC}") = "BusinessLogic", "BusinessLogic\BusinessLogic.csproj", "{D05533BC-8446-4EDB-8EF2-52DB2937EEC9}"
EndProject
Project("{FAE04EC0-301F-11D3-BF4B-00C04F79EFBC}") = "NetworkXWrapper", "NetworkXWrapper\NetworkXWrapper.csproj", "{F2EFF7E5-B4EB-4617-A1C8-D5AC5770DA01}"
EndProject
Project("{FAE04EC0-301F-11D3-BF4B-00C04F79EFBC}") = "Dal", "Dal\Dal.csproj", "{B342F5B6-87B6-4ECB-8BBE-40E21D71C35A}"
EndProject
Global
	GlobalSection(SolutionConfigurationPlatforms) = preSolution
		Debug|Any CPU = Debug|Any CPU
		Release|Any CPU = Release|Any CPU
	EndGlobalSection
	GlobalSection(ProjectConfigurationPlatforms) = postSolution
		{5B131B5D-3C9C-4908-B517-51F18BFE19FA}.Debug|Any CPU.ActiveCfg = Debug|Any CPU
		{5B131B5D-3C9C-4908-B517-51F18BFE19FA}.Debug|Any CPU.Build.0 = Debug|Any CPU
		{5B131B5D-3C9C-4908-B517-51F18BFE19FA}.Release|Any CPU.ActiveCfg = Release|Any CPU
		{5B131B5D-3C9C-4908-B517-51F18BFE19FA}.Release|Any CPU.Build.0 = Release|Any CPU
		{D05533BC-8446-4EDB-8EF2-52DB2937EEC9}.Debug|Any CPU.ActiveCfg = Debug|Any CPU
		{D05533BC-8446-4EDB-8EF2-52DB2937EEC9}.Debug|Any CPU.Build.0 = Debug|Any CPU
		{D05533BC-8446-4EDB-8EF2-52DB2937EEC9}.Release|Any CPU.ActiveCfg = Release|Any CPU
		{D05533BC-8446-4EDB-8EF2-52DB2937EEC9}.Release|Any CPU.Build.0 = Release|Any CPU
		{F2EFF7E5-B4EB-4617-A1C8-D5AC5770DA01}.Debug|Any CPU.ActiveCfg = Debug|Any CPU
		{F2EFF7E5-B4EB-4617-A1C8-D5AC5770DA01}.Debug|Any CPU.Build.0 = Debug|Any CPU
		{F2EFF7E5-B4EB-4617-A1C8-D5AC5770DA01}.Release|Any CPU.ActiveCfg = Release|Any CPU
		{F2EFF7E5-B4EB-4617-A1C8-D5AC5770DA01}.Release|Any CPU.Build.0 = Release|Any CPU
		{B342F5B6-87B6-4ECB-8BBE-40E21D71C35A}.Debug|Any CPU.ActiveCfg = Debug|Any CPU
		{B342F5B6-87B6-4ECB-8BBE-40E21D71C35A}.Debug|Any CPU.Build.0 = Debug|Any CPU
		{B342F5B6-87B6-4ECB-8BBE-40E21D71C35A}.Release|Any CPU.ActiveCfg = Release|Any CPU
		{B342F5B6-87B6-4ECB-8BBE-40E21D71C35A}.Release|Any CPU.Build.0 = Release|Any CPU
	EndGlobalSection
EndGlobal
